// !$*UTF8*$!
{
	archiveVersion = 1;
	classes = {
	};
	objectVersion = 46;
	objects = {

/* Begin PBXBuildFile section */
		ACF9D1881D807ADF00B3AEB8 /* AppDelegate.swift in Sources */ = {isa = PBXBuildFile; fileRef = ACF9D1871D807ADF00B3AEB8 /* AppDelegate.swift */; };
		ACF9D18A1D807ADF00B3AEB8 /* Assets.xcassets in Resources */ = {isa = PBXBuildFile; fileRef = ACF9D1891D807ADF00B3AEB8 /* Assets.xcassets */; };
		ACF9D18D1D807ADF00B3AEB8 /* MainMenu.xib in Resources */ = {isa = PBXBuildFile; fileRef = ACF9D18B1D807ADF00B3AEB8 /* MainMenu.xib */; };
/* End PBXBuildFile section */

/* Begin PBXFileReference section */
		ACF9D1841D807ADF00B3AEB8 /* ErlangInstaller-Helper.app */ = {isa = PBXFileReference; explicitFileType = wrapper.application; includeInIndex = 0; path = "ErlangInstaller-Helper.app"; sourceTree = BUILT_PRODUCTS_DIR; };
		ACF9D1871D807ADF00B3AEB8 /* AppDelegate.swift */ = {isa = PBXFileReference; lastKnownFileType = sourcecode.swift; path = AppDelegate.swift; sourceTree = "<group>"; };
		ACF9D1891D807ADF00B3AEB8 /* Assets.xcassets */ = {isa = PBXFileReference; lastKnownFileType = folder.assetcatalog; path = Assets.xcassets; sourceTree = "<group>"; };
		ACF9D18C1D807ADF00B3AEB8 /* Base */ = {isa = PBXFileReference; lastKnownFileType = file.xib; name = Base; path = Base.lproj/MainMenu.xib; sourceTree = "<group>"; };
		ACF9D18E1D807ADF00B3AEB8 /* Info.plist */ = {isa = PBXFileReference; lastKnownFileType = text.plist.xml; path = Info.plist; sourceTree = "<group>"; };
/* End PBXFileReference section */

/* Begin PBXFrameworksBuildPhase section */
		ACF9D1811D807ADF00B3AEB8 /* Frameworks */ = {
			isa = PBXFrameworksBuildPhase;
			buildActionMask = 2147483647;
			files = (
			);
			runOnlyForDeploymentPostprocessing = 0;
		};
/* End PBXFrameworksBuildPhase section */

/* Begin PBXGroup section */
		ACF9D17B1D807ADF00B3AEB8 = {
			isa = PBXGroup;
			children = (
				ACF9D1861D807ADF00B3AEB8 /* ErlangInstaller-Helper */,
				ACF9D1851D807ADF00B3AEB8 /* Products */,
			);
			sourceTree = "<group>";
		};
		ACF9D1851D807ADF00B3AEB8 /* Products */ = {
			isa = PBXGroup;
			children = (
				ACF9D1841D807ADF00B3AEB8 /* ErlangInstaller-Helper.app */,
			);
			name = Products;
			sourceTree = "<group>";
		};
		ACF9D1861D807ADF00B3AEB8 /* ErlangInstaller-Helper */ = {
			isa = PBXGroup;
			children = (
				ACF9D1871D807ADF00B3AEB8 /* AppDelegate.swift */,
				ACF9D1891D807ADF00B3AEB8 /* Assets.xcassets */,
				ACF9D18B1D807ADF00B3AEB8 /* MainMenu.xib */,
				ACF9D18E1D807ADF00B3AEB8 /* Info.plist */,
			);
			path = "ErlangInstaller-Helper";
			sourceTree = "<group>";
		};
/* End PBXGroup section */

/* Begin PBXNativeTarget section */
		ACF9D1831D807ADF00B3AEB8 /* ErlangInstaller-Helper */ = {
			isa = PBXNativeTarget;
			buildConfigurationList = ACF9D1911D807ADF00B3AEB8 /* Build configuration list for PBXNativeTarget "ErlangInstaller-Helper" */;
			buildPhases = (
				ACF9D1801D807ADF00B3AEB8 /* Sources */,
				ACF9D1811D807ADF00B3AEB8 /* Frameworks */,
				ACF9D1821D807ADF00B3AEB8 /* Resources */,
			);
			buildRules = (
			);
			dependencies = (
			);
			name = "ErlangInstaller-Helper";
			productName = "ErlangInstaller-Helper";
			productReference = ACF9D1841D807ADF00B3AEB8 /* ErlangInstaller-Helper.app */;
			productType = "com.apple.product-type.application";
		};
/* End PBXNativeTarget section */

/* Begin PBXProject section */
		ACF9D17C1D807ADF00B3AEB8 /* Project object */ = {
			isa = PBXProject;
			attributes = {
				LastSwiftUpdateCheck = 0730;
				LastUpgradeCheck = 0730;
				ORGANIZATIONNAME = "Erlang-Solutions";
				TargetAttributes = {
					ACF9D1831D807ADF00B3AEB8 = {
						CreatedOnToolsVersion = 7.3.1;
						DevelopmentTeam = ZRK75NDG7H;
					};
				};
			};
			buildConfigurationList = ACF9D17F1D807ADF00B3AEB8 /* Build configuration list for PBXProject "ErlangInstaller-Helper" */;
			compatibilityVersion = "Xcode 3.2";
			developmentRegion = English;
			hasScannedForEncodings = 0;
			knownRegions = (
				en,
				Base,
			);
			mainGroup = ACF9D17B1D807ADF00B3AEB8;
			productRefGroup = ACF9D1851D807ADF00B3AEB8 /* Products */;
			projectDirPath = "";
			projectRoot = "";
			targets = (
				ACF9D1831D807ADF00B3AEB8 /* ErlangInstaller-Helper */,
			);
		};
/* End PBXProject section */

/* Begin PBXResourcesBuildPhase section */
		ACF9D1821D807ADF00B3AEB8 /* Resources */ = {
			isa = PBXResourcesBuildPhase;
			buildActionMask = 2147483647;
			files = (
				ACF9D18A1D807ADF00B3AEB8 /* Assets.xcassets in Resources */,
				ACF9D18D1D807ADF00B3AEB8 /* MainMenu.xib in Resources */,
			);
			runOnlyForDeploymentPostprocessing = 0;
		};
/* End PBXResourcesBuildPhase section */

/* Begin PBXSourcesBuildPhase section */
		ACF9D1801D807ADF00B3AEB8 /* Sources */ = {
			isa = PBXSourcesBuildPhase;
			buildActionMask = 2147483647;
			files = (
				ACF9D1881D807ADF00B3AEB8 /* AppDelegate.swift in Sources */,
			);
			runOnlyForDeploymentPostprocessing = 0;
		};
/* End PBXSourcesBuildPhase section */

/* Begin PBXVariantGroup section */
		ACF9D18B1D807ADF00B3AEB8 /* MainMenu.xib */ = {
			isa = PBXVariantGroup;
			children = (
				ACF9D18C1D807ADF00B3AEB8 /* Base */,
			);
			name = MainMenu.xib;
			sourceTree = "<group>";
		};
/* End PBXVariantGroup section */

/* Begin XCBuildConfiguration section */
		ACF9D18F1D807ADF00B3AEB8 /* Debug */ = {
			isa = XCBuildConfiguration;
			buildSettings = {
				ALWAYS_SEARCH_USER_PATHS = NO;
				CLANG_ANALYZER_NONNULL = YES;
				CLANG_CXX_LANGUAGE_STANDARD = "gnu++0x";
				CLANG_CXX_LIBRARY = "libc++";
				CLANG_ENABLE_MODULES = YES;
				CLANG_ENABLE_OBJC_ARC = YES;
				CLANG_WARN_BOOL_CONVERSION = YES;
				CLANG_WARN_CONSTANT_CONVERSION = YES;
				CLANG_WARN_DIRECT_OBJC_ISA_USAGE = YES_ERROR;
				CLANG_WARN_EMPTY_BODY = YES;
				CLANG_WARN_ENUM_CONVERSION = YES;
				CLANG_WARN_INT_CONVERSION = YES;
				CLANG_WARN_OBJC_ROOT_CLASS = YES_ERROR;
				CLANG_WARN_UNREACHABLE_CODE = YES;
				CLANG_WARN__DUPLICATE_METHOD_MATCH = YES;
				CODE_SIGN_IDENTITY = "-";
				COPY_PHASE_STRIP = NO;
				DEBUG_INFORMATION_FORMAT = dwarf;
				ENABLE_STRICT_OBJC_MSGSEND = YES;
				ENABLE_TESTABILITY = YES;
				GCC_C_LANGUAGE_STANDARD = gnu99;
				GCC_DYNAMIC_NO_PIC = NO;
				GCC_NO_COMMON_BLOCKS = YES;
				GCC_OPTIMIZATION_LEVEL = 0;
				GCC_PREPROCESSOR_DEFINITIONS = (
					"DEBUG=1",
					"$(inherited)",
				);
				GCC_WARN_64_TO_32_BIT_CONVERSION = YES;
				GCC_WARN_ABOUT_RETURN_TYPE = YES_ERROR;
				GCC_WARN_UNDECLARED_SELECTOR = YES;
				GCC_WARN_UNINITIALIZED_AUTOS = YES_AGGRESSIVE;
				GCC_WARN_UNUSED_FUNCTION = YES;
				GCC_WARN_UNUSED_VARIABLE = YES;
				MACOSX_DEPLOYMENT_TARGET = 10.11;
				MTL_ENABLE_DEBUG_INFO = YES;
				ONLY_ACTIVE_ARCH = YES;
				SDKROOT = macosx;
				SWIFT_OPTIMIZATION_LEVEL = "-Onone";
			};
			name = Debug;
		};
		ACF9D1901D807ADF00B3AEB8 /* Release */ = {
			isa = XCBuildConfiguration;
			buildSettings = {
				ALWAYS_SEARCH_USER_PATHS = NO;
				CLANG_ANALYZER_NONNULL = YES;
				CLANG_CXX_LANGUAGE_STANDARD = "gnu++0x";
				CLANG_CXX_LIBRARY = "libc++";
				CLANG_ENABLE_MODULES = YES;
				CLANG_ENABLE_OBJC_ARC = YES;
				CLANG_WARN_BOOL_CONVERSION = YES;
				CLANG_WARN_CONSTANT_CONVERSION = YES;
				CLANG_WARN_DIRECT_OBJC_ISA_USAGE = YES_ERROR;
				CLANG_WARN_EMPTY_BODY = YES;
				CLANG_WARN_ENUM_CONVERSION = YES;
				CLANG_WARN_INT_CONVERSION = YES;
				CLANG_WARN_OBJC_ROOT_CLASS = YES_ERROR;
				CLANG_WARN_UNREACHABLE_CODE = YES;
				CLANG_WARN__DUPLICATE_METHOD_MATCH = YES;
				CODE_SIGN_IDENTITY = "-";
				COPY_PHASE_STRIP = NO;
				DEBUG_INFORMATION_FORMAT = "dwarf-with-dsym";
				ENABLE_NS_ASSERTIONS = NO;
				ENABLE_STRICT_OBJC_MSGSEND = YES;
				GCC_C_LANGUAGE_STANDARD = gnu99;
				GCC_NO_COMMON_BLOCKS = YES;
				GCC_WARN_64_TO_32_BIT_CONVERSION = YES;
				GCC_WARN_ABOUT_RETURN_TYPE = YES_ERROR;
				GCC_WARN_UNDECLARED_SELECTOR = YES;
				GCC_WARN_UNINITIALIZED_AUTOS = YES_AGGRESSIVE;
				GCC_WARN_UNUSED_FUNCTION = YES;
				GCC_WARN_UNUSED_VARIABLE = YES;
				MACOSX_DEPLOYMENT_TARGET = 10.11;
				MTL_ENABLE_DEBUG_INFO = NO;
				SDKROOT = macosx;
			};
			name = Release;
		};
		ACF9D1921D807ADF00B3AEB8 /* Debug */ = {
			isa = XCBuildConfiguration;
			buildSettings = {
				ASSETCATALOG_COMPILER_APPICON_NAME = AppIcon;
				CODE_SIGN_IDENTITY = "Mac Developer";
				COMBINE_HIDPI_IMAGES = YES;
				INFOPLIST_FILE = "ErlangInstaller-Helper/Info.plist";
				LD_RUNPATH_SEARCH_PATHS = "$(inherited) @executable_path/../Frameworks";
				PRODUCT_BUNDLE_IDENTIFIER = "com.erlang-solutions.ErlangInstaller-Helper";
				PRODUCT_NAME = "$(TARGET_NAME)";
				SKIP_INSTALL = YES;
			};
			name = Debug;
		};
		ACF9D1931D807ADF00B3AEB8 /* Release */ = {
			isa = XCBuildConfiguration;
			buildSettings = {
				ASSETCATALOG_COMPILER_APPICON_NAME = AppIcon;
				CODE_SIGN_IDENTITY = "Mac Developer";
				COMBINE_HIDPI_IMAGES = YES;
				INFOPLIST_FILE = "ErlangInstaller-Helper/Info.plist";
				LD_RUNPATH_SEARCH_PATHS = "$(inherited) @executable_path/../Frameworks";
				PRODUCT_BUNDLE_IDENTIFIER = "com.erlang-solutions.ErlangInstaller-Helper";
				PRODUCT_NAME = "$(TARGET_NAME)";
				SKIP_INSTALL = YES;
			};
			name = Release;
		};
/* End XCBuildConfiguration section */

/* Begin XCConfigurationList section */
		ACF9D17F1D807ADF00B3AEB8 /* Build configuration list for PBXProject "ErlangInstaller-Helper" */ = {
			isa = XCConfigurationList;
			buildConfigurations = (
				ACF9D18F1D807ADF00B3AEB8 /* Debug */,
				ACF9D1901D807ADF00B3AEB8 /* Release */,
			);
			defaultConfigurationIsVisible = 0;
			defaultConfigurationName = Release;
		};
		ACF9D1911D807ADF00B3AEB8 /* Build configuration list for PBXNativeTarget "ErlangInstaller-Helper" */ = {
			isa = XCConfigurationList;
			buildConfigurations = (
				ACF9D1921D807ADF00B3AEB8 /* Debug */,
				ACF9D1931D807ADF00B3AEB8 /* Release */,
			);
			defaultConfigurationIsVisible = 0;
		};
/* End XCConfigurationList section */
	};
	rootObject = ACF9D17C1D807ADF00B3AEB8 /* Project object */;
}
