// !$*UTF8*$!
{
	archiveVersion = 1;
	classes = {
	};
	objectVersion = 46;
	objects = {

/* Begin PBXBuildFile section */
		5E20ED931C3D7F0B007AFFE6 /* Utils.swift in Sources */ = {isa = PBXBuildFile; fileRef = 5E20ED921C3D7F0B007AFFE6 /* Utils.swift */; };
		5E32070F1C4EB8E2006C2C87 /* SBTerminals.swift in Sources */ = {isa = PBXBuildFile; fileRef = 5E32070E1C4EB8E2006C2C87 /* SBTerminals.swift */; };
		5E41CAC71C80D44F00C41A7D /* MainMenu.swift in Sources */ = {isa = PBXBuildFile; fileRef = 5E41CAC61C80D44F00C41A7D /* MainMenu.swift */; };
		5E4F42021C3EEFDF00597AFD /* Constants.swift in Sources */ = {isa = PBXBuildFile; fileRef = 5E4F42011C3EEFDF00597AFD /* Constants.swift */; };
		5E4F42051C3F06F500597AFD /* ReleaseUninstaller.swift in Sources */ = {isa = PBXBuildFile; fileRef = 5E4F42041C3F06F500597AFD /* ReleaseUninstaller.swift */; };
		5E7D31901C7E029100B90D43 /* server.js in Resources */ = {isa = PBXBuildFile; fileRef = 5E7D318F1C7E029100B90D43 /* server.js */; };
		5E7D31921C7E02E900B90D43 /* updates.xml in Resources */ = {isa = PBXBuildFile; fileRef = 5E7D31911C7E02E900B90D43 /* updates.xml */; };
		5E7D31951C7E094300B90D43 /* start-server.sh in Resources */ = {isa = PBXBuildFile; fileRef = 5E7D31941C7E094300B90D43 /* start-server.sh */; };
		5E8B2BB11C7E0196001E9C61 /* ReleaseInstaller.swift in Sources */ = {isa = PBXBuildFile; fileRef = 5EE97D8F1C3EB1740050315C /* ReleaseInstaller.swift */; };
		5E93D1851C49318D008DCC81 /* ErlangInstaller.sdef in Resources */ = {isa = PBXBuildFile; fileRef = 5E93D1841C49318D008DCC81 /* ErlangInstaller.sdef */; };
		5E93D1871C493DCC008DCC81 /* UpdateReleasesCommand.swift in Sources */ = {isa = PBXBuildFile; fileRef = 5E93D1861C493DCC008DCC81 /* UpdateReleasesCommand.swift */; };
		5EBDDD611C33215F0024C22C /* MainMenu.xib in Resources */ = {isa = PBXBuildFile; fileRef = 5EBDDD601C33215F0024C22C /* MainMenu.xib */; };
		5EBF05871C3C281A00A1701A /* ReleaseManager.swift in Sources */ = {isa = PBXBuildFile; fileRef = 5EBF05861C3C281A00A1701A /* ReleaseManager.swift */; };
		5EC3AF981C31888000E0BF43 /* AppDelegate.swift in Sources */ = {isa = PBXBuildFile; fileRef = 5EC3AF971C31888000E0BF43 /* AppDelegate.swift */; };
		5EC3AF9C1C31888000E0BF43 /* Assets.xcassets in Resources */ = {isa = PBXBuildFile; fileRef = 5EC3AF9B1C31888000E0BF43 /* Assets.xcassets */; };
		5EC3AFC91C31CDA700E0BF43 /* menu-bar-icon.png in Resources */ = {isa = PBXBuildFile; fileRef = 5EC3AFC81C31CDA700E0BF43 /* menu-bar-icon.png */; };
		5EC529911C45565B0000A72D /* Terminal.swift in Sources */ = {isa = PBXBuildFile; fileRef = 5EC529901C45565B0000A72D /* Terminal.swift */; };
		5ECEF6321C3ADD08004ABE02 /* Release.swift in Sources */ = {isa = PBXBuildFile; fileRef = 5ECEF6311C3ADD08004ABE02 /* Release.swift */; };
		5EDC5B011C342CDF0014343A /* SystemPreferences.swift in Sources */ = {isa = PBXBuildFile; fileRef = 5EDC5B001C342CDF0014343A /* SystemPreferences.swift */; };
		5EE1B8771C43EE3100A84164 /* UserDefaults.swift in Sources */ = {isa = PBXBuildFile; fileRef = 5EE1B8761C43EE3100A84164 /* UserDefaults.swift */; };
		7D7A0EDE1DDB6185000454D5 /* MainTabViewController.swift in Sources */ = {isa = PBXBuildFile; fileRef = 7D7A0EDD1DDB6185000454D5 /* MainTabViewController.swift */; };
		7D7A0EE11DDB621D000454D5 /* ReleasesTabViewController.swift in Sources */ = {isa = PBXBuildFile; fileRef = 7D7A0EE01DDB621D000454D5 /* ReleasesTabViewController.swift */; };
		7D8B73421DBE7B69001BB093 /* Security.framework in Frameworks */ = {isa = PBXBuildFile; fileRef = 7D8B73401DBE7B69001BB093 /* Security.framework */; };
		7D8B73431DBE7B69001BB093 /* SecurityFoundation.framework in Frameworks */ = {isa = PBXBuildFile; fileRef = 7D8B73411DBE7B69001BB093 /* SecurityFoundation.framework */; };
		7DDA51111DCD281C003D1DA9 /* ErlangInstallerPreferences.storyboard in Resources */ = {isa = PBXBuildFile; fileRef = 7DDA51101DCD281C003D1DA9 /* ErlangInstallerPreferences.storyboard */; };
		AC19CFAE1D6F2F8100B3AEB8 /* releases.json in Resources */ = {isa = PBXBuildFile; fileRef = 5E7D318C1C7E026400B90D43 /* releases.json */; };
		AC3DB28A1D7DC3EF00B3AEB8 /* ErlangInstallerPreferences.searchTerms in Resources */ = {isa = PBXBuildFile; fileRef = 5E94CD601C48426800E7AB56 /* ErlangInstallerPreferences.searchTerms */; };
		AC58CC3C1D429E3900B3AEB8 /* PopoverViewController.swift in Sources */ = {isa = PBXBuildFile; fileRef = AC58CC3A1D429E3900B3AEB8 /* PopoverViewController.swift */; };
		AC58CC3D1D429E3900B3AEB8 /* PopoverViewController.xib in Resources */ = {isa = PBXBuildFile; fileRef = AC58CC3B1D429E3900B3AEB8 /* PopoverViewController.xib */; };
		AC710FF21E929500005EA75B /* EnsurePATH.command in Resources */ = {isa = PBXBuildFile; fileRef = AC710FF01E9294A5005EA75B /* EnsurePATH.command */; };
		ACA782581D7A17CF00B3AEB8 /* ReleaseTableCell.swift in Sources */ = {isa = PBXBuildFile; fileRef = 5E20ED901C3D7836007AFFE6 /* ReleaseTableCell.swift */; };
		ACA782591D7A17DD00B3AEB8 /* ReleasesTableViewDelegate.swift in Sources */ = {isa = PBXBuildFile; fileRef = 5E96369A1C3D5D70006AE66B /* ReleasesTableViewDelegate.swift */; };
		ACA7825A1D7A17F200B3AEB8 /* ErlangInstallerPreferences.swift in Sources */ = {isa = PBXBuildFile; fileRef = 5E2683471C357D5E0058BB1F /* ErlangInstallerPreferences.swift */; };
		ACA7825B1D7A183800B3AEB8 /* ErlangInstaller.swift in Sources */ = {isa = PBXBuildFile; fileRef = 5E93D18B1C4940BB008DCC81 /* ErlangInstaller.swift */; };
		ACA7825C1D7A3B0500B3AEB8 /* erlang-solutions.png in Resources */ = {isa = PBXBuildFile; fileRef = 5E519F911C32E34F0024DEAB /* erlang-solutions.png */; };
		ACF9D19F1D80888600B3AEB8 /* ServiceManagement.framework in Frameworks */ = {isa = PBXBuildFile; fileRef = ACF9D19E1D80888600B3AEB8 /* ServiceManagement.framework */; };
/* End PBXBuildFile section */

/* Begin PBXCopyFilesBuildPhase section */
		5E8B2BAF1C7DFD41001E9C61 /* CopyFiles */ = {
			isa = PBXCopyFilesBuildPhase;
			buildActionMask = 2147483647;
			dstPath = Contents/Library/LoginItems;
			dstSubfolderSpec = 1;
			files = (
			);
			runOnlyForDeploymentPostprocessing = 0;
		};
/* End PBXCopyFilesBuildPhase section */

/* Begin PBXFileReference section */
		5E20ED901C3D7836007AFFE6 /* ReleaseTableCell.swift */ = {isa = PBXFileReference; fileEncoding = 4; lastKnownFileType = sourcecode.swift; path = ReleaseTableCell.swift; sourceTree = "<group>"; };
		5E20ED921C3D7F0B007AFFE6 /* Utils.swift */ = {isa = PBXFileReference; fileEncoding = 4; lastKnownFileType = sourcecode.swift; name = Utils.swift; path = Shared/Utils.swift; sourceTree = "<group>"; };
		5E2683471C357D5E0058BB1F /* ErlangInstallerPreferences.swift */ = {isa = PBXFileReference; fileEncoding = 4; lastKnownFileType = sourcecode.swift; path = ErlangInstallerPreferences.swift; sourceTree = "<group>"; };
		5E32070C1C4EB841006C2C87 /* SBiTerm.h */ = {isa = PBXFileReference; fileEncoding = 4; lastKnownFileType = sourcecode.c.h; name = SBiTerm.h; path = Shared/SBiTerm.h; sourceTree = "<group>"; };
		5E32070D1C4EB88D006C2C87 /* SBTerminal.h */ = {isa = PBXFileReference; fileEncoding = 4; lastKnownFileType = sourcecode.c.h; name = SBTerminal.h; path = Shared/SBTerminal.h; sourceTree = "<group>"; };
		5E32070E1C4EB8E2006C2C87 /* SBTerminals.swift */ = {isa = PBXFileReference; fileEncoding = 4; lastKnownFileType = sourcecode.swift; name = SBTerminals.swift; path = Shared/SBTerminals.swift; sourceTree = "<group>"; };
		5E41CAC61C80D44F00C41A7D /* MainMenu.swift */ = {isa = PBXFileReference; fileEncoding = 4; lastKnownFileType = sourcecode.swift; path = MainMenu.swift; sourceTree = "<group>"; };
		5E4F42011C3EEFDF00597AFD /* Constants.swift */ = {isa = PBXFileReference; fileEncoding = 4; lastKnownFileType = sourcecode.swift; name = Constants.swift; path = Shared/Constants.swift; sourceTree = "<group>"; };
		5E4F42041C3F06F500597AFD /* ReleaseUninstaller.swift */ = {isa = PBXFileReference; fileEncoding = 4; lastKnownFileType = sourcecode.swift; name = ReleaseUninstaller.swift; path = Shared/ReleaseUninstaller.swift; sourceTree = "<group>"; };
		5E519F911C32E34F0024DEAB /* erlang-solutions.png */ = {isa = PBXFileReference; lastKnownFileType = image.png; name = "erlang-solutions.png"; path = "Resources/erlang-solutions.png"; sourceTree = "<group>"; };
		5E7D318C1C7E026400B90D43 /* releases.json */ = {isa = PBXFileReference; fileEncoding = 4; lastKnownFileType = text.json; path = releases.json; sourceTree = "<group>"; };
		5E7D318F1C7E029100B90D43 /* server.js */ = {isa = PBXFileReference; fileEncoding = 4; lastKnownFileType = sourcecode.javascript; path = server.js; sourceTree = "<group>"; };
		5E7D31911C7E02E900B90D43 /* updates.xml */ = {isa = PBXFileReference; fileEncoding = 4; lastKnownFileType = text.xml; path = updates.xml; sourceTree = "<group>"; };
		5E7D31941C7E094300B90D43 /* start-server.sh */ = {isa = PBXFileReference; fileEncoding = 4; lastKnownFileType = text.script.sh; path = "start-server.sh"; sourceTree = "<group>"; };
		5E7D31991C7E34F700B90D43 /* fancy-dmg.mk */ = {isa = PBXFileReference; fileEncoding = 4; lastKnownFileType = text; name = "fancy-dmg.mk"; path = "BuildImage/fancy-dmg.mk"; sourceTree = "<group>"; };
		5E7D319C1C7E351C00B90D43 /* Makefile */ = {isa = PBXFileReference; fileEncoding = 4; lastKnownFileType = sourcecode.make; name = Makefile; path = BuildImage/Makefile; sourceTree = "<group>"; };
		5E93D1841C49318D008DCC81 /* ErlangInstaller.sdef */ = {isa = PBXFileReference; fileEncoding = 4; lastKnownFileType = text; path = ErlangInstaller.sdef; sourceTree = "<group>"; };
		5E93D1861C493DCC008DCC81 /* UpdateReleasesCommand.swift */ = {isa = PBXFileReference; fileEncoding = 4; lastKnownFileType = sourcecode.swift; path = UpdateReleasesCommand.swift; sourceTree = "<group>"; };
		5E93D1891C49404C008DCC81 /* ErlangInstaller.h */ = {isa = PBXFileReference; fileEncoding = 4; lastKnownFileType = sourcecode.c.h; name = ErlangInstaller.h; path = ErlangInstallerPreferences/ErlangInstaller.h; sourceTree = SOURCE_ROOT; };
		5E93D18B1C4940BB008DCC81 /* ErlangInstaller.swift */ = {isa = PBXFileReference; fileEncoding = 4; lastKnownFileType = sourcecode.swift; path = ErlangInstaller.swift; sourceTree = "<group>"; };
		5E94CD601C48426800E7AB56 /* ErlangInstallerPreferences.searchTerms */ = {isa = PBXFileReference; fileEncoding = 4; lastKnownFileType = text; path = ErlangInstallerPreferences.searchTerms; sourceTree = "<group>"; xcLanguageSpecificationIdentifier = xcode.lang.xml; };
		5E96369A1C3D5D70006AE66B /* ReleasesTableViewDelegate.swift */ = {isa = PBXFileReference; fileEncoding = 4; lastKnownFileType = sourcecode.swift; path = ReleasesTableViewDelegate.swift; sourceTree = "<group>"; };
		5EBDDD601C33215F0024C22C /* MainMenu.xib */ = {isa = PBXFileReference; fileEncoding = 4; lastKnownFileType = file.xib; name = MainMenu.xib; path = ../Resources/MainMenu.xib; sourceTree = "<group>"; };
		5EBF05861C3C281A00A1701A /* ReleaseManager.swift */ = {isa = PBXFileReference; fileEncoding = 4; lastKnownFileType = sourcecode.swift; name = ReleaseManager.swift; path = Shared/ReleaseManager.swift; sourceTree = "<group>"; };
		5EC3AF941C31888000E0BF43 /* ErlangInstaller.app */ = {isa = PBXFileReference; explicitFileType = wrapper.application; includeInIndex = 0; path = ErlangInstaller.app; sourceTree = BUILT_PRODUCTS_DIR; };
		5EC3AF971C31888000E0BF43 /* AppDelegate.swift */ = {isa = PBXFileReference; lastKnownFileType = sourcecode.swift; path = AppDelegate.swift; sourceTree = "<group>"; };
		5EC3AF9B1C31888000E0BF43 /* Assets.xcassets */ = {isa = PBXFileReference; lastKnownFileType = folder.assetcatalog; path = Assets.xcassets; sourceTree = "<group>"; };
		5EC3AFA01C31888000E0BF43 /* Info.plist */ = {isa = PBXFileReference; lastKnownFileType = text.plist.xml; path = Info.plist; sourceTree = "<group>"; };
		5EC3AFC81C31CDA700E0BF43 /* menu-bar-icon.png */ = {isa = PBXFileReference; lastKnownFileType = image.png; name = "menu-bar-icon.png"; path = "Resources/menu-bar-icon.png"; sourceTree = "<group>"; };
		5EC529901C45565B0000A72D /* Terminal.swift */ = {isa = PBXFileReference; fileEncoding = 4; lastKnownFileType = sourcecode.swift; name = Terminal.swift; path = ../Shared/Terminal.swift; sourceTree = "<group>"; };
		5ECEF6311C3ADD08004ABE02 /* Release.swift */ = {isa = PBXFileReference; fileEncoding = 4; lastKnownFileType = sourcecode.swift; name = Release.swift; path = ../Shared/Release.swift; sourceTree = "<group>"; };
		5EDC5AFF1C342C8D0014343A /* SBSystemPreferences.h */ = {isa = PBXFileReference; fileEncoding = 4; lastKnownFileType = sourcecode.c.h; path = SBSystemPreferences.h; sourceTree = "<group>"; };
		5EDC5B001C342CDF0014343A /* SystemPreferences.swift */ = {isa = PBXFileReference; fileEncoding = 4; lastKnownFileType = sourcecode.swift; path = SystemPreferences.swift; sourceTree = "<group>"; };
		5EE1B8761C43EE3100A84164 /* UserDefaults.swift */ = {isa = PBXFileReference; fileEncoding = 4; lastKnownFileType = sourcecode.swift; name = UserDefaults.swift; path = Shared/UserDefaults.swift; sourceTree = "<group>"; };
		5EE97D8F1C3EB1740050315C /* ReleaseInstaller.swift */ = {isa = PBXFileReference; fileEncoding = 4; lastKnownFileType = sourcecode.swift; name = ReleaseInstaller.swift; path = Shared/ReleaseInstaller.swift; sourceTree = "<group>"; };
		5EFD59161C32BDEF004ECB9B /* Info.plist */ = {isa = PBXFileReference; lastKnownFileType = text.plist.xml; path = Info.plist; sourceTree = "<group>"; };
		7D7A0EDD1DDB6185000454D5 /* MainTabViewController.swift */ = {isa = PBXFileReference; fileEncoding = 4; lastKnownFileType = sourcecode.swift; path = MainTabViewController.swift; sourceTree = "<group>"; };
		7D7A0EE01DDB621D000454D5 /* ReleasesTabViewController.swift */ = {isa = PBXFileReference; fileEncoding = 4; lastKnownFileType = sourcecode.swift; path = ReleasesTabViewController.swift; sourceTree = "<group>"; };
		7D8B73401DBE7B69001BB093 /* Security.framework */ = {isa = PBXFileReference; lastKnownFileType = wrapper.framework; name = Security.framework; path = System/Library/Frameworks/Security.framework; sourceTree = SDKROOT; };
		7D8B73411DBE7B69001BB093 /* SecurityFoundation.framework */ = {isa = PBXFileReference; lastKnownFileType = wrapper.framework; name = SecurityFoundation.framework; path = System/Library/Frameworks/SecurityFoundation.framework; sourceTree = SDKROOT; };
		7DDA51101DCD281C003D1DA9 /* ErlangInstallerPreferences.storyboard */ = {isa = PBXFileReference; fileEncoding = 4; lastKnownFileType = file.storyboard; path = ErlangInstallerPreferences.storyboard; sourceTree = SOURCE_ROOT; };
		AC58CC3A1D429E3900B3AEB8 /* PopoverViewController.swift */ = {isa = PBXFileReference; fileEncoding = 4; lastKnownFileType = sourcecode.swift; path = PopoverViewController.swift; sourceTree = "<group>"; };
		AC58CC3B1D429E3900B3AEB8 /* PopoverViewController.xib */ = {isa = PBXFileReference; fileEncoding = 4; lastKnownFileType = file.xib; path = PopoverViewController.xib; sourceTree = "<group>"; };
		AC710FF01E9294A5005EA75B /* EnsurePATH.command */ = {isa = PBXFileReference; lastKnownFileType = text.script.sh; name = EnsurePATH.command; path = ErlangInstaller/EnsurePATH.command; sourceTree = "<group>"; };
		ACEBBD8E1D6CB6ED00B3AEB8 /* ErlangInstaller.entitlements */ = {isa = PBXFileReference; lastKnownFileType = text.xml; path = ErlangInstaller.entitlements; sourceTree = "<group>"; };
		ACF9D19E1D80888600B3AEB8 /* ServiceManagement.framework */ = {isa = PBXFileReference; lastKnownFileType = wrapper.framework; name = ServiceManagement.framework; path = System/Library/Frameworks/ServiceManagement.framework; sourceTree = SDKROOT; };
/* End PBXFileReference section */

/* Begin PBXFrameworksBuildPhase section */
		5EC3AF911C31888000E0BF43 /* Frameworks */ = {
			isa = PBXFrameworksBuildPhase;
			buildActionMask = 2147483647;
			files = (
				7D8B73421DBE7B69001BB093 /* Security.framework in Frameworks */,
				7D8B73431DBE7B69001BB093 /* SecurityFoundation.framework in Frameworks */,
				ACF9D19F1D80888600B3AEB8 /* ServiceManagement.framework in Frameworks */,
			);
			runOnlyForDeploymentPostprocessing = 0;
		};
/* End PBXFrameworksBuildPhase section */

/* Begin PBXGroup section */
		5E20ED981C3D8574007AFFE6 /* Shared */ = {
			isa = PBXGroup;
			children = (
				ACF9D19E1D80888600B3AEB8 /* ServiceManagement.framework */,
				5E32070B1C4EB82A006C2C87 /* External */,
				5EBF05851C3C261700A1701A /* Model */,
				5E20ED921C3D7F0B007AFFE6 /* Utils.swift */,
				5E4F42011C3EEFDF00597AFD /* Constants.swift */,
				5EE97D8F1C3EB1740050315C /* ReleaseInstaller.swift */,
				5E4F42041C3F06F500597AFD /* ReleaseUninstaller.swift */,
				5EE1B8761C43EE3100A84164 /* UserDefaults.swift */,
			);
			name = Shared;
			sourceTree = "<group>";
		};
		5E32070B1C4EB82A006C2C87 /* External */ = {
			isa = PBXGroup;
			children = (
				5EBF05861C3C281A00A1701A /* ReleaseManager.swift */,
				5E32070D1C4EB88D006C2C87 /* SBTerminal.h */,
				5E32070C1C4EB841006C2C87 /* SBiTerm.h */,
				5E32070E1C4EB8E2006C2C87 /* SBTerminals.swift */,
				AC710FF01E9294A5005EA75B /* EnsurePATH.command */,
			);
			name = External;
			sourceTree = "<group>";
		};
		5E519F901C32E2D90024DEAB /* Resources */ = {
			isa = PBXGroup;
			children = (
				5EC3AFC81C31CDA700E0BF43 /* menu-bar-icon.png */,
				5E519F911C32E34F0024DEAB /* erlang-solutions.png */,
			);
			name = Resources;
			sourceTree = "<group>";
		};
		5E7D318A1C7E026400B90D43 /* TestWebServers */ = {
			isa = PBXGroup;
			children = (
				5E7D318C1C7E026400B90D43 /* releases.json */,
				5E7D318F1C7E029100B90D43 /* server.js */,
				5E7D31911C7E02E900B90D43 /* updates.xml */,
				5E7D31941C7E094300B90D43 /* start-server.sh */,
			);
			path = TestWebServers;
			sourceTree = "<group>";
		};
		5E7D319B1C7E34FC00B90D43 /* BuildImage */ = {
			isa = PBXGroup;
			children = (
				5E7D31991C7E34F700B90D43 /* fancy-dmg.mk */,
				5E7D319C1C7E351C00B90D43 /* Makefile */,
			);
			name = BuildImage;
			sourceTree = "<group>";
		};
		5E93D1881C49402B008DCC81 /* External */ = {
			isa = PBXGroup;
			children = (
				5E93D18B1C4940BB008DCC81 /* ErlangInstaller.swift */,
			);
			name = External;
			sourceTree = "<group>";
		};
		5EBF05851C3C261700A1701A /* Model */ = {
			isa = PBXGroup;
			children = (
				5ECEF6311C3ADD08004ABE02 /* Release.swift */,
				5EC529901C45565B0000A72D /* Terminal.swift */,
			);
			name = Model;
			path = ErlangInstaller;
			sourceTree = "<group>";
		};
		5EC3AF8B1C31888000E0BF43 = {
			isa = PBXGroup;
			children = (
				5E7D319B1C7E34FC00B90D43 /* BuildImage */,
				5E7D318A1C7E026400B90D43 /* TestWebServers */,
				5E20ED981C3D8574007AFFE6 /* Shared */,
				5E519F901C32E2D90024DEAB /* Resources */,
				5EC3AF961C31888000E0BF43 /* ErlangInstaller */,
				5EFD590C1C32BDEF004ECB9B /* ErlangInstallerPreferences */,
				5EC3AF951C31888000E0BF43 /* Products */,
				7D8B733F1DBE7B69001BB093 /* Frameworks */,
			);
			sourceTree = "<group>";
		};
		5EC3AF951C31888000E0BF43 /* Products */ = {
			isa = PBXGroup;
			children = (
				5EC3AF941C31888000E0BF43 /* ErlangInstaller.app */,
			);
			name = Products;
			sourceTree = "<group>";
		};
		5EC3AF961C31888000E0BF43 /* ErlangInstaller */ = {
			isa = PBXGroup;
			children = (
				5EDC5AFE1C342C7B0014343A /* External */,
				ACEBBD8E1D6CB6ED00B3AEB8 /* ErlangInstaller.entitlements */,
				5EC3AF971C31888000E0BF43 /* AppDelegate.swift */,
				AC58CC3A1D429E3900B3AEB8 /* PopoverViewController.swift */,
				AC58CC3B1D429E3900B3AEB8 /* PopoverViewController.xib */,
				5E93D1861C493DCC008DCC81 /* UpdateReleasesCommand.swift */,
				5E41CAC61C80D44F00C41A7D /* MainMenu.swift */,
				5E93D1891C49404C008DCC81 /* ErlangInstaller.h */,
				5EC3AF9B1C31888000E0BF43 /* Assets.xcassets */,
				5EBDDD601C33215F0024C22C /* MainMenu.xib */,
				5EC3AFA01C31888000E0BF43 /* Info.plist */,
				5E93D1841C49318D008DCC81 /* ErlangInstaller.sdef */,
			);
			path = ErlangInstaller;
			sourceTree = "<group>";
		};
		5EDC5AFE1C342C7B0014343A /* External */ = {
			isa = PBXGroup;
			children = (
				5EDC5AFF1C342C8D0014343A /* SBSystemPreferences.h */,
				5EDC5B001C342CDF0014343A /* SystemPreferences.swift */,
			);
			name = External;
			sourceTree = "<group>";
		};
		5EFD590C1C32BDEF004ECB9B /* ErlangInstallerPreferences */ = {
			isa = PBXGroup;
			children = (
				5E93D1881C49402B008DCC81 /* External */,
				5E96369A1C3D5D70006AE66B /* ReleasesTableViewDelegate.swift */,
				5EFD59161C32BDEF004ECB9B /* Info.plist */,
				5E20ED901C3D7836007AFFE6 /* ReleaseTableCell.swift */,
				5E2683471C357D5E0058BB1F /* ErlangInstallerPreferences.swift */,
				5E94CD601C48426800E7AB56 /* ErlangInstallerPreferences.searchTerms */,
				7DDA51101DCD281C003D1DA9 /* ErlangInstallerPreferences.storyboard */,
				7D7A0EE01DDB621D000454D5 /* ReleasesTabViewController.swift */,
				7D7A0EDD1DDB6185000454D5 /* MainTabViewController.swift */,
			);
			path = ErlangInstallerPreferences;
			sourceTree = "<group>";
		};
		7D8B733F1DBE7B69001BB093 /* Frameworks */ = {
			isa = PBXGroup;
			children = (
				7D8B73401DBE7B69001BB093 /* Security.framework */,
				7D8B73411DBE7B69001BB093 /* SecurityFoundation.framework */,
			);
			name = Frameworks;
			sourceTree = "<group>";
		};
/* End PBXGroup section */

/* Begin PBXNativeTarget section */
		5EC3AF931C31888000E0BF43 /* ErlangInstaller */ = {
			isa = PBXNativeTarget;
			buildConfigurationList = 5EC3AFB91C31888000E0BF43 /* Build configuration list for PBXNativeTarget "ErlangInstaller" */;
			buildPhases = (
				5EC3AF901C31888000E0BF43 /* Sources */,
				5EC3AF911C31888000E0BF43 /* Frameworks */,
				5EC3AF921C31888000E0BF43 /* Resources */,
				5E8B2BAF1C7DFD41001E9C61 /* CopyFiles */,
				AC24792C1D1C6F3800B3AEB8 /* Run Script Tell User about DMG Package */,
				AC49D0981E8D6346005EA75B /* Increment Build Number */,
			);
			buildRules = (
			);
			dependencies = (
			);
			name = ErlangInstaller;
			productName = ErlangInstaller;
			productReference = 5EC3AF941C31888000E0BF43 /* ErlangInstaller.app */;
			productType = "com.apple.product-type.application";
		};
/* End PBXNativeTarget section */

/* Begin PBXProject section */
		5EC3AF8C1C31888000E0BF43 /* Project object */ = {
			isa = PBXProject;
			attributes = {
				LastSwiftUpdateCheck = 0720;
				LastUpgradeCheck = 0800;
				ORGANIZATIONNAME = "Erlang Solutions";
				TargetAttributes = {
					5EC3AF931C31888000E0BF43 = {
						CreatedOnToolsVersion = 7.2;
						DevelopmentTeam = ZRK75NDG7H;
						LastSwiftMigration = 0820;
						SystemCapabilities = {
							com.apple.Sandbox = {
								enabled = 0;
							};
						};
					};
				};
			};
			buildConfigurationList = 5EC3AF8F1C31888000E0BF43 /* Build configuration list for PBXProject "ErlangInstaller" */;
			compatibilityVersion = "Xcode 3.2";
			developmentRegion = English;
			hasScannedForEncodings = 0;
			knownRegions = (
				en,
				Base,
			);
			mainGroup = 5EC3AF8B1C31888000E0BF43;
			productRefGroup = 5EC3AF951C31888000E0BF43 /* Products */;
			projectDirPath = "";
			projectRoot = "";
			targets = (
				5EC3AF931C31888000E0BF43 /* ErlangInstaller */,
			);
		};
/* End PBXProject section */

/* Begin PBXResourcesBuildPhase section */
		5EC3AF921C31888000E0BF43 /* Resources */ = {
			isa = PBXResourcesBuildPhase;
			buildActionMask = 2147483647;
			files = (
				AC710FF21E929500005EA75B /* EnsurePATH.command in Resources */,
				5EC3AF9C1C31888000E0BF43 /* Assets.xcassets in Resources */,
				AC19CFAE1D6F2F8100B3AEB8 /* releases.json in Resources */,
				5E93D1851C49318D008DCC81 /* ErlangInstaller.sdef in Resources */,
				ACA7825C1D7A3B0500B3AEB8 /* erlang-solutions.png in Resources */,
				5E7D31901C7E029100B90D43 /* server.js in Resources */,
				5E7D31951C7E094300B90D43 /* start-server.sh in Resources */,
				5EC3AFC91C31CDA700E0BF43 /* menu-bar-icon.png in Resources */,
				AC3DB28A1D7DC3EF00B3AEB8 /* ErlangInstallerPreferences.searchTerms in Resources */,
				AC58CC3D1D429E3900B3AEB8 /* PopoverViewController.xib in Resources */,
				5E7D31921C7E02E900B90D43 /* updates.xml in Resources */,
				7DDA51111DCD281C003D1DA9 /* ErlangInstallerPreferences.storyboard in Resources */,
				5EBDDD611C33215F0024C22C /* MainMenu.xib in Resources */,
			);
			runOnlyForDeploymentPostprocessing = 0;
		};
/* End PBXResourcesBuildPhase section */

/* Begin PBXShellScriptBuildPhase section */
		AC24792C1D1C6F3800B3AEB8 /* Run Script Tell User about DMG Package */ = {
			isa = PBXShellScriptBuildPhase;
			buildActionMask = 8;
			files = (
			);
			inputPaths = (
			);
			name = "Run Script Tell User about DMG Package";
			outputPaths = (
			);
			runOnlyForDeploymentPostprocessing = 1;
			shellPath = /bin/sh;
			shellScript = "echo \"########################\"\necho \"# DMG Package creation #\"\necho \"########################\"\necho \"Will pack ${TARGET_NAME} into folder ${PROJECT_DIR}/BuildImage/\"";
		};
		AC49D0981E8D6346005EA75B /* Increment Build Number */ = {
			isa = PBXShellScriptBuildPhase;
			buildActionMask = 8;
			files = (
			);
			inputPaths = (
			);
			name = "Increment Build Number";
			outputPaths = (
			);
			runOnlyForDeploymentPostprocessing = 1;
			shellPath = /bin/sh;
			shellScript = "buildNumber=$(/usr/libexec/PlistBuddy -c \"Print CFBundleVersion\" \"${PROJECT_DIR}/${INFOPLIST_FILE}\")\nbuildNumber=$(($buildNumber + 1))\n/usr/libexec/PlistBuddy -c \"Set :CFBundleVersion $buildNumber\" \"${PROJECT_DIR}/${INFOPLIST_FILE}\"";
		};
/* End PBXShellScriptBuildPhase section */

/* Begin PBXSourcesBuildPhase section */
		5EC3AF901C31888000E0BF43 /* Sources */ = {
			isa = PBXSourcesBuildPhase;
			buildActionMask = 2147483647;
			files = (
				5E41CAC71C80D44F00C41A7D /* MainMenu.swift in Sources */,
				5E8B2BB11C7E0196001E9C61 /* ReleaseInstaller.swift in Sources */,
				AC58CC3C1D429E3900B3AEB8 /* PopoverViewController.swift in Sources */,
				5E20ED931C3D7F0B007AFFE6 /* Utils.swift in Sources */,
				5E32070F1C4EB8E2006C2C87 /* SBTerminals.swift in Sources */,
				7D7A0EDE1DDB6185000454D5 /* MainTabViewController.swift in Sources */,
				5EC3AF981C31888000E0BF43 /* AppDelegate.swift in Sources */,
				5ECEF6321C3ADD08004ABE02 /* Release.swift in Sources */,
				ACA7825A1D7A17F200B3AEB8 /* ErlangInstallerPreferences.swift in Sources */,
				5EDC5B011C342CDF0014343A /* SystemPreferences.swift in Sources */,
				5E93D1871C493DCC008DCC81 /* UpdateReleasesCommand.swift in Sources */,
				5EE1B8771C43EE3100A84164 /* UserDefaults.swift in Sources */,
				5E4F42051C3F06F500597AFD /* ReleaseUninstaller.swift in Sources */,
				7D7A0EE11DDB621D000454D5 /* ReleasesTabViewController.swift in Sources */,
				5EC529911C45565B0000A72D /* Terminal.swift in Sources */,
				ACA782591D7A17DD00B3AEB8 /* ReleasesTableViewDelegate.swift in Sources */,
				5EBF05871C3C281A00A1701A /* ReleaseManager.swift in Sources */,
				ACA7825B1D7A183800B3AEB8 /* ErlangInstaller.swift in Sources */,
				ACA782581D7A17CF00B3AEB8 /* ReleaseTableCell.swift in Sources */,
				5E4F42021C3EEFDF00597AFD /* Constants.swift in Sources */,
			);
			runOnlyForDeploymentPostprocessing = 0;
		};
/* End PBXSourcesBuildPhase section */

/* Begin XCBuildConfiguration section */
		5EC3AFB71C31888000E0BF43 /* Debug */ = {
			isa = XCBuildConfiguration;
			buildSettings = {
				ALWAYS_SEARCH_USER_PATHS = NO;
				APP_NAME = "Erlang Installer";
				BASE_TARBALL_URL = "http://packages.erlang-solutions.com/site/esl";
				CLANG_CXX_LANGUAGE_STANDARD = "gnu++0x";
				CLANG_CXX_LIBRARY = "libc++";
				CLANG_ENABLE_MODULES = YES;
				CLANG_ENABLE_OBJC_ARC = YES;
				CLANG_WARN_BOOL_CONVERSION = YES;
				CLANG_WARN_CONSTANT_CONVERSION = YES;
				CLANG_WARN_DIRECT_OBJC_ISA_USAGE = YES_ERROR;
				CLANG_WARN_EMPTY_BODY = YES;
				CLANG_WARN_ENUM_CONVERSION = YES;
				CLANG_WARN_INFINITE_RECURSION = YES;
				CLANG_WARN_INT_CONVERSION = YES;
				CLANG_WARN_OBJC_ROOT_CLASS = YES_ERROR;
				CLANG_WARN_SUSPICIOUS_MOVE = YES;
				CLANG_WARN_UNREACHABLE_CODE = YES;
				CLANG_WARN__DUPLICATE_METHOD_MATCH = YES;
				CODE_SIGN_IDENTITY = "-";
				COPY_PHASE_STRIP = NO;
				DEBUG_INFORMATION_FORMAT = dwarf;
				ENABLE_STRICT_OBJC_MSGSEND = YES;
				ENABLE_TESTABILITY = YES;
				GCC_C_LANGUAGE_STANDARD = gnu99;
				GCC_DYNAMIC_NO_PIC = NO;
				GCC_NO_COMMON_BLOCKS = YES;
				GCC_OPTIMIZATION_LEVEL = 0;
				GCC_PREPROCESSOR_DEFINITIONS = (
					"DEBUG=1",
					"$(inherited)",
				);
				GCC_WARN_64_TO_32_BIT_CONVERSION = YES;
				GCC_WARN_ABOUT_RETURN_TYPE = YES_ERROR;
				GCC_WARN_UNDECLARED_SELECTOR = YES;
				GCC_WARN_UNINITIALIZED_AUTOS = YES_AGGRESSIVE;
				GCC_WARN_UNUSED_FUNCTION = YES;
				GCC_WARN_UNUSED_VARIABLE = YES;
				MACOSX_DEPLOYMENT_TARGET = 10.10;
				MTL_ENABLE_DEBUG_INFO = YES;
				ONLY_ACTIVE_ARCH = YES;
				RELEASES_URL = "http://packages.erlang-solutions.com/site/erlang/osxupdater/general/compiled/packs.json";
				SDKROOT = macosx;
				SWIFT_OPTIMIZATION_LEVEL = "-Onone";
				UPDATES_URL = "";
			};
			name = Debug;
		};
		5EC3AFB81C31888000E0BF43 /* Release */ = {
			isa = XCBuildConfiguration;
			buildSettings = {
				ALWAYS_SEARCH_USER_PATHS = NO;
				APP_NAME = "Erlang Installer";
				BASE_TARBALL_URL = "http://packages.erlang-solutions.com/site/esl";
				CLANG_CXX_LANGUAGE_STANDARD = "gnu++0x";
				CLANG_CXX_LIBRARY = "libc++";
				CLANG_ENABLE_MODULES = YES;
				CLANG_ENABLE_OBJC_ARC = YES;
				CLANG_WARN_BOOL_CONVERSION = YES;
				CLANG_WARN_CONSTANT_CONVERSION = YES;
				CLANG_WARN_DIRECT_OBJC_ISA_USAGE = YES_ERROR;
				CLANG_WARN_EMPTY_BODY = YES;
				CLANG_WARN_ENUM_CONVERSION = YES;
				CLANG_WARN_INFINITE_RECURSION = YES;
				CLANG_WARN_INT_CONVERSION = YES;
				CLANG_WARN_OBJC_ROOT_CLASS = YES_ERROR;
				CLANG_WARN_SUSPICIOUS_MOVE = YES;
				CLANG_WARN_UNREACHABLE_CODE = YES;
				CLANG_WARN__DUPLICATE_METHOD_MATCH = YES;
				CODE_SIGN_IDENTITY = "-";
				COPY_PHASE_STRIP = NO;
				DEBUG_INFORMATION_FORMAT = "dwarf-with-dsym";
				ENABLE_NS_ASSERTIONS = NO;
				ENABLE_STRICT_OBJC_MSGSEND = YES;
				GCC_C_LANGUAGE_STANDARD = gnu99;
				GCC_NO_COMMON_BLOCKS = YES;
				GCC_WARN_64_TO_32_BIT_CONVERSION = YES;
				GCC_WARN_ABOUT_RETURN_TYPE = YES_ERROR;
				GCC_WARN_UNDECLARED_SELECTOR = YES;
				GCC_WARN_UNINITIALIZED_AUTOS = YES_AGGRESSIVE;
				GCC_WARN_UNUSED_FUNCTION = YES;
				GCC_WARN_UNUSED_VARIABLE = YES;
				MACOSX_DEPLOYMENT_TARGET = 10.10;
				MTL_ENABLE_DEBUG_INFO = NO;
				RELEASES_URL = "http://packages.erlang-solutions.com/site/erlang/osxupdater/general/compiled/packs.json";
				SDKROOT = macosx;
				SWIFT_OPTIMIZATION_LEVEL = "-Owholemodule";
				UPDATES_URL = "";
			};
			name = Release;
		};
		5EC3AFBA1C31888000E0BF43 /* Debug */ = {
			isa = XCBuildConfiguration;
			buildSettings = {
				ASSETCATALOG_COMPILER_APPICON_NAME = AppIconBlack;
				BASE_TARBALL_URL = "http://packages.erlang-solutions.com/erlang/";
				CODE_SIGN_IDENTITY = "Developer ID Application";
				"CODE_SIGN_IDENTITY[sdk=macosx*]" = "Mac Developer";
				COMBINE_HIDPI_IMAGES = YES;
				FRAMEWORK_SEARCH_PATHS = (
					"$(inherited)",
					"$(PROJECT_DIR)/Frameworks",
				);
				INFOPLIST_FILE = ErlangInstaller/Info.plist;
				LD_RUNPATH_SEARCH_PATHS = "$(inherited) @executable_path/../Frameworks";
				PRODUCT_BUNDLE_IDENTIFIER = "com.erlang-solutions.ErlangInstaller";
				PRODUCT_NAME = "$(TARGET_NAME)";
				PROVISIONING_PROFILE = "";
				RELEASES_URL = "http://packages.erlang-solutions.com/site/erlang/osxupdater/general/compiled/packs.json";
				SWIFT_VERSION = 3.0;
				UPDATES_URL = "http://localhost:9090/updates";
			};
			name = Debug;
		};
		5EC3AFBB1C31888000E0BF43 /* Release */ = {
			isa = XCBuildConfiguration;
			buildSettings = {
				ASSETCATALOG_COMPILER_APPICON_NAME = AppIconBlack;
				BASE_TARBALL_URL = "http://packages.erlang-solutions.com/erlang/";
				CODE_SIGN_IDENTITY = "Developer ID Application";
				"CODE_SIGN_IDENTITY[sdk=macosx*]" = "Mac Developer";
				COMBINE_HIDPI_IMAGES = YES;
				FRAMEWORK_SEARCH_PATHS = (
					"$(inherited)",
					"$(PROJECT_DIR)/Frameworks",
				);
				INFOPLIST_FILE = ErlangInstaller/Info.plist;
				LD_RUNPATH_SEARCH_PATHS = "$(inherited) @executable_path/../Frameworks";
				PRODUCT_BUNDLE_IDENTIFIER = "com.erlang-solutions.ErlangInstaller";
				PRODUCT_NAME = "$(TARGET_NAME)";
				PROVISIONING_PROFILE = "";
				RELEASES_URL = "http://packages.erlang-solutions.com/site/erlang/osxupdater/general/compiled/packs.json";
				SWIFT_VERSION = 3.0;
				UPDATES_URL = "";
			};
			name = Release;
		};
/* End XCBuildConfiguration section */

/* Begin XCConfigurationList section */
		5EC3AF8F1C31888000E0BF43 /* Build configuration list for PBXProject "ErlangInstaller" */ = {
			isa = XCConfigurationList;
			buildConfigurations = (
				5EC3AFB71C31888000E0BF43 /* Debug */,
				5EC3AFB81C31888000E0BF43 /* Release */,
			);
			defaultConfigurationIsVisible = 0;
			defaultConfigurationName = Release;
		};
		5EC3AFB91C31888000E0BF43 /* Build configuration list for PBXNativeTarget "ErlangInstaller" */ = {
			isa = XCConfigurationList;
			buildConfigurations = (
				5EC3AFBA1C31888000E0BF43 /* Debug */,
				5EC3AFBB1C31888000E0BF43 /* Release */,
			);
			defaultConfigurationIsVisible = 0;
			defaultConfigurationName = Release;
		};
/* End XCConfigurationList section */
	};
	rootObject = 5EC3AF8C1C31888000E0BF43 /* Project object */;
}
