// !$*UTF8*$!
{
	archiveVersion = 1;
	classes = {
	};
	objectVersion = 46;
	objects = {

/* Begin PBXBuildFile section */
		5E20ED931C3D7F0B007AFFE6 /* Utils.swift in Sources */ = {isa = PBXBuildFile; fileRef = 5E20ED921C3D7F0B007AFFE6 /* Utils.swift */; };
		5E20ED941C3D7F0B007AFFE6 /* Utils.swift in Sources */ = {isa = PBXBuildFile; fileRef = 5E20ED921C3D7F0B007AFFE6 /* Utils.swift */; };
		5E2683481C357D5E0058BB1F /* ErlangInstallerPreferences.swift in Sources */ = {isa = PBXBuildFile; fileRef = 5E2683471C357D5E0058BB1F /* ErlangInstallerPreferences.swift */; };
		5E4F41FE1C3ECC8200597AFD /* ReleaseTableCell.swift in Sources */ = {isa = PBXBuildFile; fileRef = 5E20ED901C3D7836007AFFE6 /* ReleaseTableCell.swift */; };
		5E4F42001C3ED84900597AFD /* ReleaseInstaller.swift in Sources */ = {isa = PBXBuildFile; fileRef = 5EE97D8F1C3EB1740050315C /* ReleaseInstaller.swift */; };
		5E519F921C32E34F0024DEAB /* erlang-solutions.png in Resources */ = {isa = PBXBuildFile; fileRef = 5E519F911C32E34F0024DEAB /* erlang-solutions.png */; };
		5E96369B1C3D5D70006AE66B /* ReleasesTableViewDelegate.swift in Sources */ = {isa = PBXBuildFile; fileRef = 5E96369A1C3D5D70006AE66B /* ReleasesTableViewDelegate.swift */; };
		5EBDDD611C33215F0024C22C /* MainMenu.xib in Resources */ = {isa = PBXBuildFile; fileRef = 5EBDDD601C33215F0024C22C /* MainMenu.xib */; };
		5EBF05841C3C260A00A1701A /* Release.swift in Sources */ = {isa = PBXBuildFile; fileRef = 5ECEF6311C3ADD08004ABE02 /* Release.swift */; };
		5EBF05871C3C281A00A1701A /* ReleaseManager.swift in Sources */ = {isa = PBXBuildFile; fileRef = 5EBF05861C3C281A00A1701A /* ReleaseManager.swift */; };
		5EBF05881C3C281A00A1701A /* ReleaseManager.swift in Sources */ = {isa = PBXBuildFile; fileRef = 5EBF05861C3C281A00A1701A /* ReleaseManager.swift */; };
		5EC3AF981C31888000E0BF43 /* AppDelegate.swift in Sources */ = {isa = PBXBuildFile; fileRef = 5EC3AF971C31888000E0BF43 /* AppDelegate.swift */; };
		5EC3AF9C1C31888000E0BF43 /* Assets.xcassets in Resources */ = {isa = PBXBuildFile; fileRef = 5EC3AF9B1C31888000E0BF43 /* Assets.xcassets */; };
		5EC3AFAA1C31888000E0BF43 /* ErlangInstallerTests.swift in Sources */ = {isa = PBXBuildFile; fileRef = 5EC3AFA91C31888000E0BF43 /* ErlangInstallerTests.swift */; };
		5EC3AFB51C31888000E0BF43 /* ErlangInstallerUITests.swift in Sources */ = {isa = PBXBuildFile; fileRef = 5EC3AFB41C31888000E0BF43 /* ErlangInstallerUITests.swift */; };
		5EC3AFC91C31CDA700E0BF43 /* menu-bar-icon.png in Resources */ = {isa = PBXBuildFile; fileRef = 5EC3AFC81C31CDA700E0BF43 /* menu-bar-icon.png */; };
		5ECEF6321C3ADD08004ABE02 /* Release.swift in Sources */ = {isa = PBXBuildFile; fileRef = 5ECEF6311C3ADD08004ABE02 /* Release.swift */; };
		5EDC5B011C342CDF0014343A /* SystemPreferences.swift in Sources */ = {isa = PBXBuildFile; fileRef = 5EDC5B001C342CDF0014343A /* SystemPreferences.swift */; };
		5EDC5B041C345D480014343A /* ErlangInstallerPreferences.prefPane in Resources */ = {isa = PBXBuildFile; fileRef = 5EFD590B1C32BDEF004ECB9B /* ErlangInstallerPreferences.prefPane */; };
		5EFD59151C32BDEF004ECB9B /* ErlangInstallerPreferences.xib in Resources */ = {isa = PBXBuildFile; fileRef = 5EFD59131C32BDEF004ECB9B /* ErlangInstallerPreferences.xib */; };
/* End PBXBuildFile section */

/* Begin PBXContainerItemProxy section */
		5EC3AFA61C31888000E0BF43 /* PBXContainerItemProxy */ = {
			isa = PBXContainerItemProxy;
			containerPortal = 5EC3AF8C1C31888000E0BF43 /* Project object */;
			proxyType = 1;
			remoteGlobalIDString = 5EC3AF931C31888000E0BF43;
			remoteInfo = ErlangInstaller;
		};
		5EC3AFB11C31888000E0BF43 /* PBXContainerItemProxy */ = {
			isa = PBXContainerItemProxy;
			containerPortal = 5EC3AF8C1C31888000E0BF43 /* Project object */;
			proxyType = 1;
			remoteGlobalIDString = 5EC3AF931C31888000E0BF43;
			remoteInfo = ErlangInstaller;
		};
		5EDC5B021C345D3A0014343A /* PBXContainerItemProxy */ = {
			isa = PBXContainerItemProxy;
			containerPortal = 5EC3AF8C1C31888000E0BF43 /* Project object */;
			proxyType = 1;
			remoteGlobalIDString = 5EFD590A1C32BDEF004ECB9B;
			remoteInfo = ErlangInstallerPreferences;
		};
/* End PBXContainerItemProxy section */

/* Begin PBXFileReference section */
		5E20ED901C3D7836007AFFE6 /* ReleaseTableCell.swift */ = {isa = PBXFileReference; fileEncoding = 4; lastKnownFileType = sourcecode.swift; path = ReleaseTableCell.swift; sourceTree = "<group>"; };
		5E20ED921C3D7F0B007AFFE6 /* Utils.swift */ = {isa = PBXFileReference; fileEncoding = 4; lastKnownFileType = sourcecode.swift; name = Utils.swift; path = ErlangInstaller/Utils.swift; sourceTree = "<group>"; };
		5E2683471C357D5E0058BB1F /* ErlangInstallerPreferences.swift */ = {isa = PBXFileReference; fileEncoding = 4; lastKnownFileType = sourcecode.swift; path = ErlangInstallerPreferences.swift; sourceTree = "<group>"; };
		5E519F911C32E34F0024DEAB /* erlang-solutions.png */ = {isa = PBXFileReference; lastKnownFileType = image.png; name = "erlang-solutions.png"; path = "Resources/erlang-solutions.png"; sourceTree = "<group>"; };
		5E96369A1C3D5D70006AE66B /* ReleasesTableViewDelegate.swift */ = {isa = PBXFileReference; fileEncoding = 4; lastKnownFileType = sourcecode.swift; path = ReleasesTableViewDelegate.swift; sourceTree = "<group>"; };
		5EBDDD601C33215F0024C22C /* MainMenu.xib */ = {isa = PBXFileReference; fileEncoding = 4; lastKnownFileType = file.xib; name = MainMenu.xib; path = ../Resources/MainMenu.xib; sourceTree = "<group>"; };
		5EBF05861C3C281A00A1701A /* ReleaseManager.swift */ = {isa = PBXFileReference; fileEncoding = 4; lastKnownFileType = sourcecode.swift; name = ReleaseManager.swift; path = ErlangInstaller/Model/ReleaseManager.swift; sourceTree = "<group>"; };
		5EC3AF941C31888000E0BF43 /* ErlangInstaller.app */ = {isa = PBXFileReference; explicitFileType = wrapper.application; includeInIndex = 0; path = ErlangInstaller.app; sourceTree = BUILT_PRODUCTS_DIR; };
		5EC3AF971C31888000E0BF43 /* AppDelegate.swift */ = {isa = PBXFileReference; lastKnownFileType = sourcecode.swift; path = AppDelegate.swift; sourceTree = "<group>"; };
		5EC3AF9B1C31888000E0BF43 /* Assets.xcassets */ = {isa = PBXFileReference; lastKnownFileType = folder.assetcatalog; path = Assets.xcassets; sourceTree = "<group>"; };
		5EC3AFA01C31888000E0BF43 /* Info.plist */ = {isa = PBXFileReference; lastKnownFileType = text.plist.xml; path = Info.plist; sourceTree = "<group>"; };
		5EC3AFA51C31888000E0BF43 /* ErlangInstallerTests.xctest */ = {isa = PBXFileReference; explicitFileType = wrapper.cfbundle; includeInIndex = 0; path = ErlangInstallerTests.xctest; sourceTree = BUILT_PRODUCTS_DIR; };
		5EC3AFA91C31888000E0BF43 /* ErlangInstallerTests.swift */ = {isa = PBXFileReference; lastKnownFileType = sourcecode.swift; path = ErlangInstallerTests.swift; sourceTree = "<group>"; };
		5EC3AFAB1C31888000E0BF43 /* Info.plist */ = {isa = PBXFileReference; lastKnownFileType = text.plist.xml; path = Info.plist; sourceTree = "<group>"; };
		5EC3AFB01C31888000E0BF43 /* ErlangInstallerUITests.xctest */ = {isa = PBXFileReference; explicitFileType = wrapper.cfbundle; includeInIndex = 0; path = ErlangInstallerUITests.xctest; sourceTree = BUILT_PRODUCTS_DIR; };
		5EC3AFB41C31888000E0BF43 /* ErlangInstallerUITests.swift */ = {isa = PBXFileReference; lastKnownFileType = sourcecode.swift; path = ErlangInstallerUITests.swift; sourceTree = "<group>"; };
		5EC3AFB61C31888000E0BF43 /* Info.plist */ = {isa = PBXFileReference; lastKnownFileType = text.plist.xml; path = Info.plist; sourceTree = "<group>"; };
		5EC3AFC81C31CDA700E0BF43 /* menu-bar-icon.png */ = {isa = PBXFileReference; lastKnownFileType = image.png; name = "menu-bar-icon.png"; path = "Resources/menu-bar-icon.png"; sourceTree = "<group>"; };
		5ECEF6311C3ADD08004ABE02 /* Release.swift */ = {isa = PBXFileReference; fileEncoding = 4; lastKnownFileType = sourcecode.swift; name = Release.swift; path = Model/Release.swift; sourceTree = "<group>"; };
		5EDC5AFF1C342C8D0014343A /* SBSystemPreferences.h */ = {isa = PBXFileReference; fileEncoding = 4; lastKnownFileType = sourcecode.c.h; path = SBSystemPreferences.h; sourceTree = "<group>"; };
		5EDC5B001C342CDF0014343A /* SystemPreferences.swift */ = {isa = PBXFileReference; fileEncoding = 4; lastKnownFileType = sourcecode.swift; path = SystemPreferences.swift; sourceTree = "<group>"; };
		5EE97D8F1C3EB1740050315C /* ReleaseInstaller.swift */ = {isa = PBXFileReference; fileEncoding = 4; lastKnownFileType = sourcecode.swift; name = ReleaseInstaller.swift; path = ErlangInstaller/Model/ReleaseInstaller.swift; sourceTree = "<group>"; };
		5EFD590B1C32BDEF004ECB9B /* ErlangInstallerPreferences.prefPane */ = {isa = PBXFileReference; explicitFileType = wrapper.cfbundle; includeInIndex = 0; path = ErlangInstallerPreferences.prefPane; sourceTree = BUILT_PRODUCTS_DIR; };
		5EFD59141C32BDEF004ECB9B /* Base */ = {isa = PBXFileReference; lastKnownFileType = file.xib; name = Base; path = Base.lproj/ErlangInstallerPreferences.xib; sourceTree = "<group>"; };
		5EFD59161C32BDEF004ECB9B /* Info.plist */ = {isa = PBXFileReference; lastKnownFileType = text.plist.xml; path = Info.plist; sourceTree = "<group>"; };
/* End PBXFileReference section */

/* Begin PBXFrameworksBuildPhase section */
		5EC3AF911C31888000E0BF43 /* Frameworks */ = {
			isa = PBXFrameworksBuildPhase;
			buildActionMask = 2147483647;
			files = (
			);
			runOnlyForDeploymentPostprocessing = 0;
		};
		5EC3AFA21C31888000E0BF43 /* Frameworks */ = {
			isa = PBXFrameworksBuildPhase;
			buildActionMask = 2147483647;
			files = (
			);
			runOnlyForDeploymentPostprocessing = 0;
		};
		5EC3AFAD1C31888000E0BF43 /* Frameworks */ = {
			isa = PBXFrameworksBuildPhase;
			buildActionMask = 2147483647;
			files = (
			);
			runOnlyForDeploymentPostprocessing = 0;
		};
		5EFD59071C32BDEF004ECB9B /* Frameworks */ = {
			isa = PBXFrameworksBuildPhase;
			buildActionMask = 2147483647;
			files = (
			);
			runOnlyForDeploymentPostprocessing = 0;
		};
/* End PBXFrameworksBuildPhase section */

/* Begin PBXGroup section */
		5E20ED981C3D8574007AFFE6 /* Shared */ = {
			isa = PBXGroup;
			children = (
				5E20ED921C3D7F0B007AFFE6 /* Utils.swift */,
				5EBF05861C3C281A00A1701A /* ReleaseManager.swift */,
				5EE97D8F1C3EB1740050315C /* ReleaseInstaller.swift */,
				5EBF05851C3C261700A1701A /* Model */,
			);
			name = Shared;
			sourceTree = "<group>";
		};
		5E519F901C32E2D90024DEAB /* Resources */ = {
			isa = PBXGroup;
			children = (
				5EC3AFC81C31CDA700E0BF43 /* menu-bar-icon.png */,
				5E519F911C32E34F0024DEAB /* erlang-solutions.png */,
			);
			name = Resources;
			sourceTree = "<group>";
		};
		5EBF05851C3C261700A1701A /* Model */ = {
			isa = PBXGroup;
			children = (
				5ECEF6311C3ADD08004ABE02 /* Release.swift */,
			);
			name = Model;
			path = ErlangInstaller;
			sourceTree = "<group>";
		};
		5EC3AF8B1C31888000E0BF43 = {
			isa = PBXGroup;
			children = (
				5E20ED981C3D8574007AFFE6 /* Shared */,
				5E519F901C32E2D90024DEAB /* Resources */,
				5EC3AF961C31888000E0BF43 /* ErlangInstaller */,
				5EC3AFA81C31888000E0BF43 /* ErlangInstallerTests */,
				5EC3AFB31C31888000E0BF43 /* ErlangInstallerUITests */,
				5EFD590C1C32BDEF004ECB9B /* ErlangInstallerPreferences */,
				5EC3AF951C31888000E0BF43 /* Products */,
			);
			sourceTree = "<group>";
		};
		5EC3AF951C31888000E0BF43 /* Products */ = {
			isa = PBXGroup;
			children = (
				5EC3AF941C31888000E0BF43 /* ErlangInstaller.app */,
				5EC3AFA51C31888000E0BF43 /* ErlangInstallerTests.xctest */,
				5EC3AFB01C31888000E0BF43 /* ErlangInstallerUITests.xctest */,
				5EFD590B1C32BDEF004ECB9B /* ErlangInstallerPreferences.prefPane */,
			);
			name = Products;
			sourceTree = "<group>";
		};
		5EC3AF961C31888000E0BF43 /* ErlangInstaller */ = {
			isa = PBXGroup;
			children = (
				5EDC5AFE1C342C7B0014343A /* External */,
				5EC3AF971C31888000E0BF43 /* AppDelegate.swift */,
				5EC3AF9B1C31888000E0BF43 /* Assets.xcassets */,
				5EBDDD601C33215F0024C22C /* MainMenu.xib */,
				5EC3AFA01C31888000E0BF43 /* Info.plist */,
			);
			path = ErlangInstaller;
			sourceTree = "<group>";
		};
		5EC3AFA81C31888000E0BF43 /* ErlangInstallerTests */ = {
			isa = PBXGroup;
			children = (
				5EC3AFA91C31888000E0BF43 /* ErlangInstallerTests.swift */,
				5EC3AFAB1C31888000E0BF43 /* Info.plist */,
			);
			path = ErlangInstallerTests;
			sourceTree = "<group>";
		};
		5EC3AFB31C31888000E0BF43 /* ErlangInstallerUITests */ = {
			isa = PBXGroup;
			children = (
				5EC3AFB41C31888000E0BF43 /* ErlangInstallerUITests.swift */,
				5EC3AFB61C31888000E0BF43 /* Info.plist */,
			);
			path = ErlangInstallerUITests;
			sourceTree = "<group>";
		};
		5EDC5AFE1C342C7B0014343A /* External */ = {
			isa = PBXGroup;
			children = (
				5EDC5AFF1C342C8D0014343A /* SBSystemPreferences.h */,
				5EDC5B001C342CDF0014343A /* SystemPreferences.swift */,
			);
			name = External;
			sourceTree = "<group>";
		};
		5EFD590C1C32BDEF004ECB9B /* ErlangInstallerPreferences */ = {
			isa = PBXGroup;
			children = (
				5E2683471C357D5E0058BB1F /* ErlangInstallerPreferences.swift */,
				5E96369A1C3D5D70006AE66B /* ReleasesTableViewDelegate.swift */,
				5E20ED901C3D7836007AFFE6 /* ReleaseTableCell.swift */,
				5EFD59131C32BDEF004ECB9B /* ErlangInstallerPreferences.xib */,
				5EFD59161C32BDEF004ECB9B /* Info.plist */,
			);
			path = ErlangInstallerPreferences;
			sourceTree = "<group>";
		};
/* End PBXGroup section */

/* Begin PBXHeadersBuildPhase section */
		5EFD59081C32BDEF004ECB9B /* Headers */ = {
			isa = PBXHeadersBuildPhase;
			buildActionMask = 2147483647;
			files = (
			);
			runOnlyForDeploymentPostprocessing = 0;
		};
/* End PBXHeadersBuildPhase section */

/* Begin PBXNativeTarget section */
		5EC3AF931C31888000E0BF43 /* ErlangInstaller */ = {
			isa = PBXNativeTarget;
			buildConfigurationList = 5EC3AFB91C31888000E0BF43 /* Build configuration list for PBXNativeTarget "ErlangInstaller" */;
			buildPhases = (
				5EC3AF901C31888000E0BF43 /* Sources */,
				5EC3AF911C31888000E0BF43 /* Frameworks */,
				5EC3AF921C31888000E0BF43 /* Resources */,
			);
			buildRules = (
			);
			dependencies = (
				5EDC5B031C345D3A0014343A /* PBXTargetDependency */,
			);
			name = ErlangInstaller;
			productName = ErlangInstaller;
			productReference = 5EC3AF941C31888000E0BF43 /* ErlangInstaller.app */;
			productType = "com.apple.product-type.application";
		};
		5EC3AFA41C31888000E0BF43 /* ErlangInstallerTests */ = {
			isa = PBXNativeTarget;
			buildConfigurationList = 5EC3AFBC1C31888000E0BF43 /* Build configuration list for PBXNativeTarget "ErlangInstallerTests" */;
			buildPhases = (
				5EC3AFA11C31888000E0BF43 /* Sources */,
				5EC3AFA21C31888000E0BF43 /* Frameworks */,
				5EC3AFA31C31888000E0BF43 /* Resources */,
			);
			buildRules = (
			);
			dependencies = (
				5EC3AFA71C31888000E0BF43 /* PBXTargetDependency */,
			);
			name = ErlangInstallerTests;
			productName = ErlangInstallerTests;
			productReference = 5EC3AFA51C31888000E0BF43 /* ErlangInstallerTests.xctest */;
			productType = "com.apple.product-type.bundle.unit-test";
		};
		5EC3AFAF1C31888000E0BF43 /* ErlangInstallerUITests */ = {
			isa = PBXNativeTarget;
			buildConfigurationList = 5EC3AFBF1C31888000E0BF43 /* Build configuration list for PBXNativeTarget "ErlangInstallerUITests" */;
			buildPhases = (
				5EC3AFAC1C31888000E0BF43 /* Sources */,
				5EC3AFAD1C31888000E0BF43 /* Frameworks */,
				5EC3AFAE1C31888000E0BF43 /* Resources */,
			);
			buildRules = (
			);
			dependencies = (
				5EC3AFB21C31888000E0BF43 /* PBXTargetDependency */,
			);
			name = ErlangInstallerUITests;
			productName = ErlangInstallerUITests;
			productReference = 5EC3AFB01C31888000E0BF43 /* ErlangInstallerUITests.xctest */;
			productType = "com.apple.product-type.bundle.ui-testing";
		};
		5EFD590A1C32BDEF004ECB9B /* ErlangInstallerPreferences */ = {
			isa = PBXNativeTarget;
			buildConfigurationList = 5EFD59191C32BDEF004ECB9B /* Build configuration list for PBXNativeTarget "ErlangInstallerPreferences" */;
			buildPhases = (
				5EFD59061C32BDEF004ECB9B /* Sources */,
				5EFD59071C32BDEF004ECB9B /* Frameworks */,
				5EFD59081C32BDEF004ECB9B /* Headers */,
				5EFD59091C32BDEF004ECB9B /* Resources */,
			);
			buildRules = (
			);
			dependencies = (
			);
			name = ErlangInstallerPreferences;
			productName = ErlangInstallerPreferences;
			productReference = 5EFD590B1C32BDEF004ECB9B /* ErlangInstallerPreferences.prefPane */;
			productType = "com.apple.product-type.bundle";
		};
/* End PBXNativeTarget section */

/* Begin PBXProject section */
		5EC3AF8C1C31888000E0BF43 /* Project object */ = {
			isa = PBXProject;
			attributes = {
				LastSwiftUpdateCheck = 0720;
				LastUpgradeCheck = 0720;
				ORGANIZATIONNAME = "Erlang Solutions";
				TargetAttributes = {
					5EC3AF931C31888000E0BF43 = {
						CreatedOnToolsVersion = 7.2;
					};
					5EC3AFA41C31888000E0BF43 = {
						CreatedOnToolsVersion = 7.2;
						TestTargetID = 5EC3AF931C31888000E0BF43;
					};
					5EC3AFAF1C31888000E0BF43 = {
						CreatedOnToolsVersion = 7.2;
						TestTargetID = 5EC3AF931C31888000E0BF43;
					};
					5EFD590A1C32BDEF004ECB9B = {
						CreatedOnToolsVersion = 7.2;
					};
				};
			};
			buildConfigurationList = 5EC3AF8F1C31888000E0BF43 /* Build configuration list for PBXProject "ErlangInstaller" */;
			compatibilityVersion = "Xcode 3.2";
			developmentRegion = English;
			hasScannedForEncodings = 0;
			knownRegions = (
				en,
				Base,
			);
			mainGroup = 5EC3AF8B1C31888000E0BF43;
			productRefGroup = 5EC3AF951C31888000E0BF43 /* Products */;
			projectDirPath = "";
			projectRoot = "";
			targets = (
				5EC3AF931C31888000E0BF43 /* ErlangInstaller */,
				5EC3AFA41C31888000E0BF43 /* ErlangInstallerTests */,
				5EC3AFAF1C31888000E0BF43 /* ErlangInstallerUITests */,
				5EFD590A1C32BDEF004ECB9B /* ErlangInstallerPreferences */,
			);
		};
/* End PBXProject section */

/* Begin PBXResourcesBuildPhase section */
		5EC3AF921C31888000E0BF43 /* Resources */ = {
			isa = PBXResourcesBuildPhase;
			buildActionMask = 2147483647;
			files = (
				5EDC5B041C345D480014343A /* ErlangInstallerPreferences.prefPane in Resources */,
				5EC3AF9C1C31888000E0BF43 /* Assets.xcassets in Resources */,
				5EC3AFC91C31CDA700E0BF43 /* menu-bar-icon.png in Resources */,
				5EBDDD611C33215F0024C22C /* MainMenu.xib in Resources */,
			);
			runOnlyForDeploymentPostprocessing = 0;
		};
		5EC3AFA31C31888000E0BF43 /* Resources */ = {
			isa = PBXResourcesBuildPhase;
			buildActionMask = 2147483647;
			files = (
			);
			runOnlyForDeploymentPostprocessing = 0;
		};
		5EC3AFAE1C31888000E0BF43 /* Resources */ = {
			isa = PBXResourcesBuildPhase;
			buildActionMask = 2147483647;
			files = (
			);
			runOnlyForDeploymentPostprocessing = 0;
		};
		5EFD59091C32BDEF004ECB9B /* Resources */ = {
			isa = PBXResourcesBuildPhase;
			buildActionMask = 2147483647;
			files = (
				5EFD59151C32BDEF004ECB9B /* ErlangInstallerPreferences.xib in Resources */,
				5E519F921C32E34F0024DEAB /* erlang-solutions.png in Resources */,
			);
			runOnlyForDeploymentPostprocessing = 0;
		};
/* End PBXResourcesBuildPhase section */

/* Begin PBXSourcesBuildPhase section */
		5EC3AF901C31888000E0BF43 /* Sources */ = {
			isa = PBXSourcesBuildPhase;
			buildActionMask = 2147483647;
			files = (
				5E20ED931C3D7F0B007AFFE6 /* Utils.swift in Sources */,
				5EC3AF981C31888000E0BF43 /* AppDelegate.swift in Sources */,
				5ECEF6321C3ADD08004ABE02 /* Release.swift in Sources */,
				5EDC5B011C342CDF0014343A /* SystemPreferences.swift in Sources */,
				5EBF05871C3C281A00A1701A /* ReleaseManager.swift in Sources */,
			);
			runOnlyForDeploymentPostprocessing = 0;
		};
		5EC3AFA11C31888000E0BF43 /* Sources */ = {
			isa = PBXSourcesBuildPhase;
			buildActionMask = 2147483647;
			files = (
				5EC3AFAA1C31888000E0BF43 /* ErlangInstallerTests.swift in Sources */,
			);
			runOnlyForDeploymentPostprocessing = 0;
		};
		5EC3AFAC1C31888000E0BF43 /* Sources */ = {
			isa = PBXSourcesBuildPhase;
			buildActionMask = 2147483647;
			files = (
				5EC3AFB51C31888000E0BF43 /* ErlangInstallerUITests.swift in Sources */,
			);
			runOnlyForDeploymentPostprocessing = 0;
		};
		5EFD59061C32BDEF004ECB9B /* Sources */ = {
			isa = PBXSourcesBuildPhase;
			buildActionMask = 2147483647;
			files = (
				5E2683481C357D5E0058BB1F /* ErlangInstallerPreferences.swift in Sources */,
				5E4F42001C3ED84900597AFD /* ReleaseInstaller.swift in Sources */,
				5E96369B1C3D5D70006AE66B /* ReleasesTableViewDelegate.swift in Sources */,
				5EBF05881C3C281A00A1701A /* ReleaseManager.swift in Sources */,
				5EBF05841C3C260A00A1701A /* Release.swift in Sources */,
				5E4F41FE1C3ECC8200597AFD /* ReleaseTableCell.swift in Sources */,
				5E20ED941C3D7F0B007AFFE6 /* Utils.swift in Sources */,
			);
			runOnlyForDeploymentPostprocessing = 0;
		};
/* End PBXSourcesBuildPhase section */

/* Begin PBXTargetDependency section */
		5EC3AFA71C31888000E0BF43 /* PBXTargetDependency */ = {
			isa = PBXTargetDependency;
			target = 5EC3AF931C31888000E0BF43 /* ErlangInstaller */;
			targetProxy = 5EC3AFA61C31888000E0BF43 /* PBXContainerItemProxy */;
		};
		5EC3AFB21C31888000E0BF43 /* PBXTargetDependency */ = {
			isa = PBXTargetDependency;
			target = 5EC3AF931C31888000E0BF43 /* ErlangInstaller */;
			targetProxy = 5EC3AFB11C31888000E0BF43 /* PBXContainerItemProxy */;
		};
		5EDC5B031C345D3A0014343A /* PBXTargetDependency */ = {
			isa = PBXTargetDependency;
			target = 5EFD590A1C32BDEF004ECB9B /* ErlangInstallerPreferences */;
			targetProxy = 5EDC5B021C345D3A0014343A /* PBXContainerItemProxy */;
		};
/* End PBXTargetDependency section */

/* Begin PBXVariantGroup section */
		5EFD59131C32BDEF004ECB9B /* ErlangInstallerPreferences.xib */ = {
			isa = PBXVariantGroup;
			children = (
				5EFD59141C32BDEF004ECB9B /* Base */,
			);
			name = ErlangInstallerPreferences.xib;
			sourceTree = "<group>";
		};
/* End PBXVariantGroup section */

/* Begin XCBuildConfiguration section */
		5EC3AFB71C31888000E0BF43 /* Debug */ = {
			isa = XCBuildConfiguration;
			buildSettings = {
				ALWAYS_SEARCH_USER_PATHS = NO;
				APP_NAME = "Erlang Installer";
				CLANG_CXX_LANGUAGE_STANDARD = "gnu++0x";
				CLANG_CXX_LIBRARY = "libc++";
				CLANG_ENABLE_MODULES = YES;
				CLANG_ENABLE_OBJC_ARC = YES;
				CLANG_WARN_BOOL_CONVERSION = YES;
				CLANG_WARN_CONSTANT_CONVERSION = YES;
				CLANG_WARN_DIRECT_OBJC_ISA_USAGE = YES_ERROR;
				CLANG_WARN_EMPTY_BODY = YES;
				CLANG_WARN_ENUM_CONVERSION = YES;
				CLANG_WARN_INT_CONVERSION = YES;
				CLANG_WARN_OBJC_ROOT_CLASS = YES_ERROR;
				CLANG_WARN_UNREACHABLE_CODE = YES;
				CLANG_WARN__DUPLICATE_METHOD_MATCH = YES;
				CODE_SIGN_IDENTITY = "-";
				COPY_PHASE_STRIP = NO;
				DEBUG_INFORMATION_FORMAT = dwarf;
				ENABLE_STRICT_OBJC_MSGSEND = YES;
				ENABLE_TESTABILITY = YES;
				GCC_C_LANGUAGE_STANDARD = gnu99;
				GCC_DYNAMIC_NO_PIC = NO;
				GCC_NO_COMMON_BLOCKS = YES;
				GCC_OPTIMIZATION_LEVEL = 0;
				GCC_PREPROCESSOR_DEFINITIONS = (
					"DEBUG=1",
					"$(inherited)",
				);
				GCC_WARN_64_TO_32_BIT_CONVERSION = YES;
				GCC_WARN_ABOUT_RETURN_TYPE = YES_ERROR;
				GCC_WARN_UNDECLARED_SELECTOR = YES;
				GCC_WARN_UNINITIALIZED_AUTOS = YES_AGGRESSIVE;
				GCC_WARN_UNUSED_FUNCTION = YES;
				GCC_WARN_UNUSED_VARIABLE = YES;
				MACOSX_DEPLOYMENT_TARGET = 10.10;
				MTL_ENABLE_DEBUG_INFO = YES;
				ONLY_ACTIVE_ARCH = YES;
				SDKROOT = macosx;
				SWIFT_OPTIMIZATION_LEVEL = "-Onone";
			};
			name = Debug;
		};
		5EC3AFB81C31888000E0BF43 /* Release */ = {
			isa = XCBuildConfiguration;
			buildSettings = {
				ALWAYS_SEARCH_USER_PATHS = NO;
				APP_NAME = "Erlang Installer";
				CLANG_CXX_LANGUAGE_STANDARD = "gnu++0x";
				CLANG_CXX_LIBRARY = "libc++";
				CLANG_ENABLE_MODULES = YES;
				CLANG_ENABLE_OBJC_ARC = YES;
				CLANG_WARN_BOOL_CONVERSION = YES;
				CLANG_WARN_CONSTANT_CONVERSION = YES;
				CLANG_WARN_DIRECT_OBJC_ISA_USAGE = YES_ERROR;
				CLANG_WARN_EMPTY_BODY = YES;
				CLANG_WARN_ENUM_CONVERSION = YES;
				CLANG_WARN_INT_CONVERSION = YES;
				CLANG_WARN_OBJC_ROOT_CLASS = YES_ERROR;
				CLANG_WARN_UNREACHABLE_CODE = YES;
				CLANG_WARN__DUPLICATE_METHOD_MATCH = YES;
				CODE_SIGN_IDENTITY = "-";
				COPY_PHASE_STRIP = NO;
				DEBUG_INFORMATION_FORMAT = "dwarf-with-dsym";
				ENABLE_NS_ASSERTIONS = NO;
				ENABLE_STRICT_OBJC_MSGSEND = YES;
				GCC_C_LANGUAGE_STANDARD = gnu99;
				GCC_NO_COMMON_BLOCKS = YES;
				GCC_WARN_64_TO_32_BIT_CONVERSION = YES;
				GCC_WARN_ABOUT_RETURN_TYPE = YES_ERROR;
				GCC_WARN_UNDECLARED_SELECTOR = YES;
				GCC_WARN_UNINITIALIZED_AUTOS = YES_AGGRESSIVE;
				GCC_WARN_UNUSED_FUNCTION = YES;
				GCC_WARN_UNUSED_VARIABLE = YES;
				MACOSX_DEPLOYMENT_TARGET = 10.10;
				MTL_ENABLE_DEBUG_INFO = NO;
				SDKROOT = macosx;
			};
			name = Release;
		};
		5EC3AFBA1C31888000E0BF43 /* Debug */ = {
			isa = XCBuildConfiguration;
			buildSettings = {
				ASSETCATALOG_COMPILER_APPICON_NAME = AppIcon;
				COMBINE_HIDPI_IMAGES = YES;
				INFOPLIST_FILE = ErlangInstaller/Info.plist;
				LD_RUNPATH_SEARCH_PATHS = "$(inherited) @executable_path/../Frameworks";
				PRODUCT_BUNDLE_IDENTIFIER = "com.erlang-solutions.ErlangInstaller";
				PRODUCT_NAME = "$(TARGET_NAME)";
			};
			name = Debug;
		};
		5EC3AFBB1C31888000E0BF43 /* Release */ = {
			isa = XCBuildConfiguration;
			buildSettings = {
				ASSETCATALOG_COMPILER_APPICON_NAME = AppIcon;
				COMBINE_HIDPI_IMAGES = YES;
				INFOPLIST_FILE = ErlangInstaller/Info.plist;
				LD_RUNPATH_SEARCH_PATHS = "$(inherited) @executable_path/../Frameworks";
				PRODUCT_BUNDLE_IDENTIFIER = "com.erlang-solutions.ErlangInstaller";
				PRODUCT_NAME = "$(TARGET_NAME)";
			};
			name = Release;
		};
		5EC3AFBD1C31888000E0BF43 /* Debug */ = {
			isa = XCBuildConfiguration;
			buildSettings = {
				BUNDLE_LOADER = "$(TEST_HOST)";
				COMBINE_HIDPI_IMAGES = YES;
				INFOPLIST_FILE = ErlangInstallerTests/Info.plist;
				LD_RUNPATH_SEARCH_PATHS = "$(inherited) @executable_path/../Frameworks @loader_path/../Frameworks";
				PRODUCT_BUNDLE_IDENTIFIER = "com.erlang-solutions.ErlangInstallerTests";
				PRODUCT_NAME = "$(TARGET_NAME)";
				TEST_HOST = "$(BUILT_PRODUCTS_DIR)/ErlangInstaller.app/Contents/MacOS/ErlangInstaller";
			};
			name = Debug;
		};
		5EC3AFBE1C31888000E0BF43 /* Release */ = {
			isa = XCBuildConfiguration;
			buildSettings = {
				BUNDLE_LOADER = "$(TEST_HOST)";
				COMBINE_HIDPI_IMAGES = YES;
				INFOPLIST_FILE = ErlangInstallerTests/Info.plist;
				LD_RUNPATH_SEARCH_PATHS = "$(inherited) @executable_path/../Frameworks @loader_path/../Frameworks";
				PRODUCT_BUNDLE_IDENTIFIER = "com.erlang-solutions.ErlangInstallerTests";
				PRODUCT_NAME = "$(TARGET_NAME)";
				TEST_HOST = "$(BUILT_PRODUCTS_DIR)/ErlangInstaller.app/Contents/MacOS/ErlangInstaller";
			};
			name = Release;
		};
		5EC3AFC01C31888000E0BF43 /* Debug */ = {
			isa = XCBuildConfiguration;
			buildSettings = {
				COMBINE_HIDPI_IMAGES = YES;
				INFOPLIST_FILE = ErlangInstallerUITests/Info.plist;
				LD_RUNPATH_SEARCH_PATHS = "$(inherited) @executable_path/../Frameworks @loader_path/../Frameworks";
				PRODUCT_BUNDLE_IDENTIFIER = "com.erlang-solutions.ErlangInstallerUITests";
				PRODUCT_NAME = "$(TARGET_NAME)";
				TEST_TARGET_NAME = ErlangInstaller;
				USES_XCTRUNNER = YES;
			};
			name = Debug;
		};
		5EC3AFC11C31888000E0BF43 /* Release */ = {
			isa = XCBuildConfiguration;
			buildSettings = {
				COMBINE_HIDPI_IMAGES = YES;
				INFOPLIST_FILE = ErlangInstallerUITests/Info.plist;
				LD_RUNPATH_SEARCH_PATHS = "$(inherited) @executable_path/../Frameworks @loader_path/../Frameworks";
				PRODUCT_BUNDLE_IDENTIFIER = "com.erlang-solutions.ErlangInstallerUITests";
				PRODUCT_NAME = "$(TARGET_NAME)";
				TEST_TARGET_NAME = ErlangInstaller;
				USES_XCTRUNNER = YES;
			};
			name = Release;
		};
		5EFD59171C32BDEF004ECB9B /* Debug */ = {
			isa = XCBuildConfiguration;
			buildSettings = {
				CLANG_ENABLE_MODULES = YES;
				CLANG_ENABLE_OBJC_ARC = NO;
				COMBINE_HIDPI_IMAGES = YES;
				CONFIGURATION_BUILD_DIR = "$(BUILD_DIR)/$(CONFIGURATION)";
				DEPLOYMENT_LOCATION = YES;
				DSTROOT = "/tmp/$(PROJECT_NAME).dst";
				EMBEDDED_CONTENT_CONTAINS_SWIFT = YES;
				INFOPLIST_FILE = ErlangInstallerPreferences/Info.plist;
				INSTALL_PATH = "$(HOME)/Library/PreferencePanes";
				LD_RUNPATH_SEARCH_PATHS = "$(inherited) @executable_path/../Frameworks @loader_path/../Frameworks";
				PRODUCT_BUNDLE_IDENTIFIER = "com.erlang-solutions.ErlangInstallerPreferences";
				PRODUCT_NAME = "$(TARGET_NAME)";
				SWIFT_OBJC_BRIDGING_HEADER = "";
				SWIFT_OPTIMIZATION_LEVEL = "-Onone";
				WRAPPER_EXTENSION = prefPane;
			};
			name = Debug;
		};
		5EFD59181C32BDEF004ECB9B /* Release */ = {
			isa = XCBuildConfiguration;
			buildSettings = {
				CLANG_ENABLE_MODULES = YES;
				CLANG_ENABLE_OBJC_ARC = NO;
				COMBINE_HIDPI_IMAGES = YES;
				CONFIGURATION_BUILD_DIR = "$(BUILD_DIR)/$(CONFIGURATION)";
				DEPLOYMENT_LOCATION = YES;
				DSTROOT = "/tmp/$(PROJECT_NAME).dst";
				EMBEDDED_CONTENT_CONTAINS_SWIFT = YES;
				INFOPLIST_FILE = ErlangInstallerPreferences/Info.plist;
				INSTALL_PATH = "$(HOME)/Library/PreferencePanes";
				LD_RUNPATH_SEARCH_PATHS = "$(inherited) @executable_path/../Frameworks @loader_path/../Frameworks";
				PRODUCT_BUNDLE_IDENTIFIER = "com.erlang-solutions.ErlangInstallerPreferences";
				PRODUCT_NAME = "$(TARGET_NAME)";
				SWIFT_OBJC_BRIDGING_HEADER = "";
				WRAPPER_EXTENSION = prefPane;
			};
			name = Release;
		};
/* End XCBuildConfiguration section */

/* Begin XCConfigurationList section */
		5EC3AF8F1C31888000E0BF43 /* Build configuration list for PBXProject "ErlangInstaller" */ = {
			isa = XCConfigurationList;
			buildConfigurations = (
				5EC3AFB71C31888000E0BF43 /* Debug */,
				5EC3AFB81C31888000E0BF43 /* Release */,
			);
			defaultConfigurationIsVisible = 0;
			defaultConfigurationName = Release;
		};
		5EC3AFB91C31888000E0BF43 /* Build configuration list for PBXNativeTarget "ErlangInstaller" */ = {
			isa = XCConfigurationList;
			buildConfigurations = (
				5EC3AFBA1C31888000E0BF43 /* Debug */,
				5EC3AFBB1C31888000E0BF43 /* Release */,
			);
			defaultConfigurationIsVisible = 0;
			defaultConfigurationName = Release;
		};
		5EC3AFBC1C31888000E0BF43 /* Build configuration list for PBXNativeTarget "ErlangInstallerTests" */ = {
			isa = XCConfigurationList;
			buildConfigurations = (
				5EC3AFBD1C31888000E0BF43 /* Debug */,
				5EC3AFBE1C31888000E0BF43 /* Release */,
			);
			defaultConfigurationIsVisible = 0;
			defaultConfigurationName = Release;
		};
		5EC3AFBF1C31888000E0BF43 /* Build configuration list for PBXNativeTarget "ErlangInstallerUITests" */ = {
			isa = XCConfigurationList;
			buildConfigurations = (
				5EC3AFC01C31888000E0BF43 /* Debug */,
				5EC3AFC11C31888000E0BF43 /* Release */,
			);
			defaultConfigurationIsVisible = 0;
			defaultConfigurationName = Release;
		};
		5EFD59191C32BDEF004ECB9B /* Build configuration list for PBXNativeTarget "ErlangInstallerPreferences" */ = {
			isa = XCConfigurationList;
			buildConfigurations = (
				5EFD59171C32BDEF004ECB9B /* Debug */,
				5EFD59181C32BDEF004ECB9B /* Release */,
			);
			defaultConfigurationIsVisible = 0;
			defaultConfigurationName = Release;
		};
/* End XCConfigurationList section */
	};
	rootObject = 5EC3AF8C1C31888000E0BF43 /* Project object */;
}
